{
  "sources": {
    "chef-jboss": {
      "path": "."
    },
    "java": {
      "locked_version": "1.20.0"
    },
    "jboss": {
      "locked_version": "0.0.14",
      "git": "git@github.com:KostiantynGontar/chef-jboss.git",
      "ref": "180d337e965ca1bc99185b9da2100a4e3636dde5"
    },
    "maven": {
      "locked_version": "1.1.0"
    },
    "ark": {
      "locked_version": "0.6.0"
    },
    "sudo": {
      "locked_version": "2.5.2"
    },
    "logrotate": {
      "locked_version": "1.5.0"
    }
  }
}
